
Microsoft Visual Studio Solution File, Format Version 12.00
# Visual Studio Version 17
VisualStudioVersion = 17.7.34018.315
MinimumVisualStudioVersion = 10.0.40219.1
Project("{9A19103F-16F7-4668-BE54-9A1E7A4F7556}") = "EjercicioEnClase2", "EjercicioEnClase2\EjercicioEnClase2.csproj", "{47D8182B-C2C0-4C1D-AE9F-44370CB4E237}"
EndProject
Project("{FAE04EC0-301F-11D3-BF4B-00C04F79EFBC}") = "APIProductos", "APIProductos\APIProductos.csproj", "{D4266BEF-7CB7-42CA-A1F9-BF84C1033124}"
EndProject
Global
	GlobalSection(SolutionConfigurationPlatforms) = preSolution
		Debug|Any CPU = Debug|Any CPU
		Release|Any CPU = Release|Any CPU
	EndGlobalSection
	GlobalSection(ProjectConfigurationPlatforms) = postSolution
		{47D8182B-C2C0-4C1D-AE9F-44370CB4E237}.Debug|Any CPU.ActiveCfg = Debug|Any CPU
		{47D8182B-C2C0-4C1D-AE9F-44370CB4E237}.Debug|Any CPU.Build.0 = Debug|Any CPU
		{47D8182B-C2C0-4C1D-AE9F-44370CB4E237}.Release|Any CPU.ActiveCfg = Release|Any CPU
		{47D8182B-C2C0-4C1D-AE9F-44370CB4E237}.Release|Any CPU.Build.0 = Release|Any CPU
		{D4266BEF-7CB7-42CA-A1F9-BF84C1033124}.Debug|Any CPU.ActiveCfg = Debug|Any CPU
		{D4266BEF-7CB7-42CA-A1F9-BF84C1033124}.Debug|Any CPU.Build.0 = Debug|Any CPU
		{D4266BEF-7CB7-42CA-A1F9-BF84C1033124}.Release|Any CPU.ActiveCfg = Release|Any CPU
		{D4266BEF-7CB7-42CA-A1F9-BF84C1033124}.Release|Any CPU.Build.0 = Release|Any CPU
	EndGlobalSection
	GlobalSection(SolutionProperties) = preSolution
		HideSolutionNode = FALSE
	EndGlobalSection
	GlobalSection(ExtensibilityGlobals) = postSolution
		SolutionGuid = {B0673AD0-1DE8-4573-B18A-69024F99DCB9}
	EndGlobalSection
EndGlobal
